{
  "requires": true,
  "lockfileVersion": 1,
  "dependencies": {
    "@google/model-viewer": {
      "version": "0.3.1",
      "resolved": "https://registry.npmjs.org/@google/model-viewer/-/model-viewer-0.3.1.tgz",
      "integrity": "sha512-HnjGldApqXZZ3k8DfkauhF4LOOR/cPxAMWIGEnYE3+XPiwFp5zs8FddQdjI/p1A2n6vCIakcBVPf1wdJYmDF3w==",
      "requires": {
        "lit-element": "^2.0.0",
        "three": "^0.101.0"
      }
    },
    "lit-element": {
      "version": "2.1.0",
      "resolved": "https://registry.npmjs.org/lit-element/-/lit-element-2.1.0.tgz",
      "integrity": "sha512-0z/KHm1xZweivfOVRr8AKR06+D3k02u15m9s4jkuRdnGe5wfmEwePzrQQBsSZNILdnfJvfo3TJOeGhBCVZaPbw==",
      "requires": {
        "lit-html": "^1.0.0"
      }
    },
    "lit-html": {
      "version": "1.0.0",
      "resolved": "https://registry.npmjs.org/lit-html/-/lit-html-1.0.0.tgz",
      "integrity": "sha512-oeWlpLmBW3gFl7979Wol2LKITpmKTUFNn7PnFbh6YNynF61W74l6x5WhwItAwPRSATpexaX1egNnRzlN4GOtfQ=="
    },
    "three": {
      "version": "0.101.1",
      "resolved": "https://registry.npmjs.org/three/-/three-0.101.1.tgz",
      "integrity": "sha512-8ufimUVmRLtH+BTpEIbDjdGEKQOVWLMLgGynaKin1KbYTE136ZNOepJ8EgByi0tN43dQ7B1YrKLCJgXGy4bLmw=="
    }
  }
}
